
Microsoft Visual Studio Solution File, Format Version 12.00
# Visual Studio Version 17
VisualStudioVersion = 17.9.34622.214
MinimumVisualStudioVersion = 10.0.40219.1
Project("{FAE04EC0-301F-11D3-BF4B-00C04F79EFBC}") = "Praktika1.1", "Praktika1.1.csproj", "{8FC2B398-E60A-4889-8225-425D8A924267}"
EndProject
Global
	GlobalSection(SolutionConfigurationPlatforms) = preSolution
		Debug|Any CPU = Debug|Any CPU
		Release|Any CPU = Release|Any CPU
	EndGlobalSection
	GlobalSection(ProjectConfigurationPlatforms) = postSolution
		{8FC2B398-E60A-4889-8225-425D8A924267}.Debug|Any CPU.ActiveCfg = Debug|Any CPU
		{8FC2B398-E60A-4889-8225-425D8A924267}.Debug|Any CPU.Build.0 = Debug|Any CPU
		{8FC2B398-E60A-4889-8225-425D8A924267}.Release|Any CPU.ActiveCfg = Release|Any CPU
		{8FC2B398-E60A-4889-8225-425D8A924267}.Release|Any CPU.Build.0 = Release|Any CPU
	EndGlobalSection
	GlobalSection(SolutionProperties) = preSolution
		HideSolutionNode = FALSE
	EndGlobalSection
	GlobalSection(ExtensibilityGlobals) = postSolution
		SolutionGuid = {0B284ED3-A0C0-4858-8E3C-A02B096EB69D}
	EndGlobalSection
EndGlobal
